
Microsoft Visual Studio Solution File, Format Version 12.00
# Visual Studio 15
VisualStudioVersion = 15.0.28010.2016
MinimumVisualStudioVersion = 10.0.40219.1
Project("{FAE04EC0-301F-11D3-BF4B-00C04F79EFBC}") = "SuperAdventure", "SuperAdventure\SuperAdventure.csproj", "{0A4C0580-F81D-446E-9CA5-79B3EAA8D847}"
EndProject
Project("{FAE04EC0-301F-11D3-BF4B-00C04F79EFBC}") = "Engine", "Engine\Engine.csproj", "{269DA4F6-DE8E-4010-BFC7-15DE339E595D}"
EndProject
Global
	GlobalSection(SolutionConfigurationPlatforms) = preSolution
		Debug|Any CPU = Debug|Any CPU
		Release|Any CPU = Release|Any CPU
	EndGlobalSection
	GlobalSection(ProjectConfigurationPlatforms) = postSolution
		{0A4C0580-F81D-446E-9CA5-79B3EAA8D847}.Debug|Any CPU.ActiveCfg = Debug|Any CPU
		{0A4C0580-F81D-446E-9CA5-79B3EAA8D847}.Debug|Any CPU.Build.0 = Debug|Any CPU
		{0A4C0580-F81D-446E-9CA5-79B3EAA8D847}.Release|Any CPU.ActiveCfg = Release|Any CPU
		{0A4C0580-F81D-446E-9CA5-79B3EAA8D847}.Release|Any CPU.Build.0 = Release|Any CPU
		{269DA4F6-DE8E-4010-BFC7-15DE339E595D}.Debug|Any CPU.ActiveCfg = Debug|Any CPU
		{269DA4F6-DE8E-4010-BFC7-15DE339E595D}.Debug|Any CPU.Build.0 = Debug|Any CPU
		{269DA4F6-DE8E-4010-BFC7-15DE339E595D}.Release|Any CPU.ActiveCfg = Release|Any CPU
		{269DA4F6-DE8E-4010-BFC7-15DE339E595D}.Release|Any CPU.Build.0 = Release|Any CPU
	EndGlobalSection
	GlobalSection(SolutionProperties) = preSolution
		HideSolutionNode = FALSE
	EndGlobalSection
	GlobalSection(ExtensibilityGlobals) = postSolution
		SolutionGuid = {90BB3D07-1D58-445B-A611-08013522F79B}
	EndGlobalSection
EndGlobal
